// !$*UTF8*$!
{
	archiveVersion = 1;
	classes = {
	};
	objectVersion = 46;
	objects = {

/* Begin PBXBuildFile section */
		01532DAA137C099F0076F6BF /* icon.png in Resources */ = {isa = PBXBuildFile; fileRef = 01532DA9137C099F0076F6BF /* icon.png */; };
		02E14002B2FB94934799781C /* libkivy.a in Frameworks */ = {isa = PBXBuildFile; fileRef = 8D1F431BB6D04CC81CBA92DE /* libkivy.a */; };
		03A24B678BC3D020D8A2DC43 /* Metal.framework in Frameworks */ = {isa = PBXBuildFile; fileRef = DAF34A88B1192F31B7D40513 /* Metal.framework */; };
		079C4013970AAB656CA59EB3 /* OpenGLES.framework in Frameworks */ = {isa = PBXBuildFile; fileRef = C62448A6BBE53BC0ACA94A1C /* OpenGLES.framework */; };
		07F04E078169AD83ADF43FE2 /* WebKit.framework in Frameworks */ = {isa = PBXBuildFile; fileRef = 198E49CCBE9AFC0288A0E81E /* WebKit.framework */; };
		0FD145E79EE08DFC44B6154B /* libsdl2_image.a in Frameworks */ = {isa = PBXBuildFile; fileRef = 7CE342D195270AF8C02C7ED0 /* libsdl2_image.a */; };
		1D60589B0D05DD56006BFB54 /* main.m in Sources */ = {isa = PBXBuildFile; fileRef = 29B97316FDCFA39411CA2CEA /* main.m */; };
		2BD547708B8A8BCEFA27CD24 /* libsdl2_mixer.a in Frameworks */ = {isa = PBXBuildFile; fileRef = 5F6048409D485AF43C83919C /* libsdl2_mixer.a */; };
		2CB5F34717D5233A006187AB /* bridge.m in Sources */ = {isa = PBXBuildFile; fileRef = 2CB5F34617D5233A006187AB /* bridge.m */; };
		3ECE439D9C9A3462C84C86A0 /* libz.tbd in Frameworks */ = {isa = PBXBuildFile; fileRef = 521E4BE6A2900AE5A41D6C2E /* libz.tbd */; };
		420A49C68F909E9BDB0B6853 /* UIKit.framework in Frameworks */ = {isa = PBXBuildFile; fileRef = D97B4CFEA13FD84CC917893A /* UIKit.framework */; };
		59738AB51A8BB5D8001B2C0C /* lib in Resources */ = {isa = PBXBuildFile; fileRef = 59738AB41A8BB5D8001B2C0C /* lib */; };
		59738ABB1A8E19AA001B2C0C /* Images.xcassets in Resources */ = {isa = PBXBuildFile; fileRef = 59738ABA1A8E19AA001B2C0C /* Images.xcassets */; };
		59738ADB1A8E62D6001B2C0C /* Default-568h@2x.png in Resources */ = {isa = PBXBuildFile; fileRef = 59738AD01A8E62D6001B2C0C /* Default-568h@2x.png */; };
		59738ADC1A8E62D6001B2C0C /* Default-667h@2x.png in Resources */ = {isa = PBXBuildFile; fileRef = 59738AD11A8E62D6001B2C0C /* Default-667h@2x.png */; };
		59738ADD1A8E62D6001B2C0C /* Default-763h@3x.png in Resources */ = {isa = PBXBuildFile; fileRef = 59738AD21A8E62D6001B2C0C /* Default-763h@3x.png */; };
		59738ADE1A8E62D6001B2C0C /* Default-Landscape.png in Resources */ = {isa = PBXBuildFile; fileRef = 59738AD31A8E62D6001B2C0C /* Default-Landscape.png */; };
		59738ADF1A8E62D6001B2C0C /* Default-Landscape@2x.png in Resources */ = {isa = PBXBuildFile; fileRef = 59738AD41A8E62D6001B2C0C /* Default-Landscape@2x.png */; };
		59738AE01A8E62D6001B2C0C /* Default-Portrait.png in Resources */ = {isa = PBXBuildFile; fileRef = 59738AD51A8E62D6001B2C0C /* Default-Portrait.png */; };
		59738AE11A8E62D6001B2C0C /* Default-Portrait@2x~ipad.png in Resources */ = {isa = PBXBuildFile; fileRef = 59738AD61A8E62D6001B2C0C /* Default-Portrait@2x~ipad.png */; };
		59738AE21A8E62D6001B2C0C /* Default-Portrait@3x~ipad.png in Resources */ = {isa = PBXBuildFile; fileRef = 59738AD71A8E62D6001B2C0C /* Default-Portrait@3x~ipad.png */; };
		59738AE31A8E62D6001B2C0C /* Default.png in Resources */ = {isa = PBXBuildFile; fileRef = 59738AD81A8E62D6001B2C0C /* Default.png */; };
		59738AE41A8E62D6001B2C0C /* Default@2x.png in Resources */ = {isa = PBXBuildFile; fileRef = 59738AD91A8E62D6001B2C0C /* Default@2x.png */; };
		59738AE51A8E62D6001B2C0C /* Default@3x.png in Resources */ = {isa = PBXBuildFile; fileRef = 59738ADA1A8E62D6001B2C0C /* Default@3x.png */; };
		59994E3B148E85C800863906 /* YourApp in Resources */ = {isa = PBXBuildFile; fileRef = 59994E3A148E85C800863906 /* YourApp */; };
		59FDEA8B21E7D34E004E6ECE /* include in Resources */ = {isa = PBXBuildFile; fileRef = 59FDEA8A21E7D34E004E6ECE /* include */; };
		5D954F5799B4484F70CB20DF /* Photos.framework in Frameworks */ = {isa = PBXBuildFile; fileRef = A3B14849B043D38C05A90D61 /* Photos.framework */; };
		66DC488AA7AE442984AB6A0C /* QuartzCore.framework in Frameworks */ = {isa = PBXBuildFile; fileRef = F3F44AE7A0CE6EF535688810 /* QuartzCore.framework */; };
		69F04B97A70718F39DF9018E /* GameController.framework in Frameworks */ = {isa = PBXBuildFile; fileRef = CAEA44F289847186E9296518 /* GameController.framework */; };
		6A724E34A72A7A14CCA047A4 /* libffi.a in Frameworks */ = {isa = PBXBuildFile; fileRef = 1E99435980688DEC5631236C /* libffi.a */; };
		736A415199DF1D00B43F5694 /* libios.a in Frameworks */ = {isa = PBXBuildFile; fileRef = B1AE4FCA8D8384C62B2A889D /* libios.a */; };
		7BA04887A58B41469FBF3A33 /* MessageUI.framework in Frameworks */ = {isa = PBXBuildFile; fileRef = B3D04D358E1D78EAB0D1CA18 /* MessageUI.framework */; };
		8DF54DC388051699397BC22A /* CoreMedia.framework in Frameworks */ = {isa = PBXBuildFile; fileRef = 654141438CFCAF706B4FEC37 /* CoreMedia.framework */; };
		91724CD09519D81B432FA453 /* CoreGraphics.framework in Frameworks */ = {isa = PBXBuildFile; fileRef = 9C914EC08020DA1290B2A0FB /* CoreGraphics.framework */; };
		967743BA9A4914A06394F054 /* MobileCoreServices.framework in Frameworks */ = {isa = PBXBuildFile; fileRef = A93B47EEA76D2181D4E60755 /* MobileCoreServices.framework */; };
		9AB648EE907FE954B6A6B2B2 /* CoreVideo.framework in Frameworks */ = {isa = PBXBuildFile; fileRef = 9F874B95A8CEDA0EA6FE4A96 /* CoreVideo.framework */; };
		BA234037B771F865630114EF /* ImageIO.framework in Frameworks */ = {isa = PBXBuildFile; fileRef = DFFC4D75A069956E46AFE8BC /* ImageIO.framework */; };
		BE3546418F55FC756FC4FC00 /* libsqlite3.tbd in Frameworks */ = {isa = PBXBuildFile; fileRef = 20854628864024A1632E70CF /* libsqlite3.tbd */; };
		C2144F638BA70271CDD80AC7 /* libpyobjus.a in Frameworks */ = {isa = PBXBuildFile; fileRef = 473E4138982FE5F0745AB190 /* libpyobjus.a */; };
		C9E34E88A6AD85011291BE31 /* AudioToolbox.framework in Frameworks */ = {isa = PBXBuildFile; fileRef = 58DB49CD9AF1BAE0F3FBBABD /* AudioToolbox.framework */; };
		CFB34421815C35D1024F1546 /* libcrypto.a in Frameworks */ = {isa = PBXBuildFile; fileRef = B42B422090E2B68A0ED994EC /* libcrypto.a */; };
		D2A14420B6E57C05B8896856 /* libssl.a in Frameworks */ = {isa = PBXBuildFile; fileRef = 03C349FD9819AA7FC3B29B60 /* libssl.a */; };
		D3DD4258B64545356BD33AC7 /* AVFoundation.framework in Frameworks */ = {isa = PBXBuildFile; fileRef = 7F074A279CBA773F12D15E42 /* AVFoundation.framework */; };
		E6674C4294774479CB23EE1F /* libsdl2_ttf.a in Frameworks */ = {isa = PBXBuildFile; fileRef = 5AE44EF5B9101A7EE2A4514E /* libsdl2_ttf.a */; };
		E78346169AA6C9B97BFAD4A1 /* Accelerate.framework in Frameworks */ = {isa = PBXBuildFile; fileRef = 113C4966962E7B19A295076C /* Accelerate.framework */; };
		E7F94A60AFCFD7F9FB676529 /* CoreMotion.framework in Frameworks */ = {isa = PBXBuildFile; fileRef = 98654389BB3F9732017A7AAD /* CoreMotion.framework */; };
		E85047F5ABA9668731F81317 /* libfreetype.a in Frameworks */ = {isa = PBXBuildFile; fileRef = 72E9433099B3CA6AC47DCC71 /* libfreetype.a */; };
		F22C4CFAB0F8DE5D7D10AA33 /* libsdl2.a in Frameworks */ = {isa = PBXBuildFile; fileRef = 056E4CD593AA4D807E655B57 /* libsdl2.a */; };
		F4BC4B1792C0E7AAD6221746 /* libbz2.tbd in Frameworks */ = {isa = PBXBuildFile; fileRef = 40AA48358E1FF6AB71D332DD /* libbz2.tbd */; };
		F9374DBA8300E2D53B4E5077 /* libpython3.a in Frameworks */ = {isa = PBXBuildFile; fileRef = 59EB4F1E9A56AC20E9D7900F /* libpython3.a */; };
		FFEB4A898FBDD9265BBD4261 /* libc++.tbd in Frameworks */ = {isa = PBXBuildFile; fileRef = A39B40EB8DCFDC921310A03D /* libc++.tbd */; };
/* End PBXBuildFile section */

/* Begin PBXFileReference section */
		01532DA9137C099F0076F6BF /* icon.png */ = {isa = PBXFileReference; lastKnownFileType = image.png; path = icon.png; sourceTree = "<group>"; };
		03C349FD9819AA7FC3B29B60 /* libssl.a */ = {isa = PBXFileReference; lastKnownFileType = archive.ar; name = libssl.a; path = ../dist/lib/libssl.a; sourceTree = SOURCE_ROOT; };
		056E4CD593AA4D807E655B57 /* libsdl2.a */ = {isa = PBXFileReference; lastKnownFileType = archive.ar; name = libsdl2.a; path = ../dist/lib/libsdl2.a; sourceTree = SOURCE_ROOT; };
		113C4966962E7B19A295076C /* Accelerate.framework */ = {isa = PBXFileReference; lastKnownFileType = wrapper.framework; name = Accelerate.framework; path = /Applications/Xcode.app/Contents/Developer/Platforms/iPhoneSimulator.platform/Developer/SDKs/iPhoneSimulator16.0.sdk/System/Library/Frameworks/Accelerate.framework; sourceTree = "<absolute>"; };
		198E49CCBE9AFC0288A0E81E /* WebKit.framework */ = {isa = PBXFileReference; lastKnownFileType = wrapper.framework; name = WebKit.framework; path = /Applications/Xcode.app/Contents/Developer/Platforms/iPhoneSimulator.platform/Developer/SDKs/iPhoneSimulator16.0.sdk/System/Library/Frameworks/WebKit.framework; sourceTree = "<absolute>"; };
		1D6058910D05DD3D006BFB54 /* congressionalapp.app */ = {isa = PBXFileReference; explicitFileType = wrapper.application; includeInIndex = 0; path = congressionalapp.app; sourceTree = BUILT_PRODUCTS_DIR; };
		1E99435980688DEC5631236C /* libffi.a */ = {isa = PBXFileReference; lastKnownFileType = archive.ar; name = libffi.a; path = ../dist/lib/libffi.a; sourceTree = SOURCE_ROOT; };
		20854628864024A1632E70CF /* libsqlite3.tbd */ = {isa = PBXFileReference; lastKnownFileType = "sourcecode.text-based-dylib-definition"; name = libsqlite3.tbd; path = /Applications/Xcode.app/Contents/Developer/Platforms/iPhoneSimulator.platform/Developer/SDKs/iPhoneSimulator16.0.sdk/usr/lib/libsqlite3.tbd; sourceTree = "<absolute>"; };
		29B97316FDCFA39411CA2CEA /* main.m */ = {isa = PBXFileReference; fileEncoding = 4; lastKnownFileType = sourcecode.c.objc; path = main.m; sourceTree = "<group>"; };
		2CB5F34517D5233A006187AB /* bridge.h */ = {isa = PBXFileReference; fileEncoding = 4; lastKnownFileType = sourcecode.c.h; path = bridge.h; sourceTree = SOURCE_ROOT; };
		2CB5F34617D5233A006187AB /* bridge.m */ = {isa = PBXFileReference; fileEncoding = 4; lastKnownFileType = sourcecode.c.objc; path = bridge.m; sourceTree = SOURCE_ROOT; };
		40AA48358E1FF6AB71D332DD /* libbz2.tbd */ = {isa = PBXFileReference; lastKnownFileType = "sourcecode.text-based-dylib-definition"; name = libbz2.tbd; path = /Applications/Xcode.app/Contents/Developer/Platforms/iPhoneSimulator.platform/Developer/SDKs/iPhoneSimulator16.0.sdk/usr/lib/libbz2.tbd; sourceTree = "<absolute>"; };
		473E4138982FE5F0745AB190 /* libpyobjus.a */ = {isa = PBXFileReference; lastKnownFileType = archive.ar; name = libpyobjus.a; path = ../dist/lib/libpyobjus.a; sourceTree = SOURCE_ROOT; };
		521E4BE6A2900AE5A41D6C2E /* libz.tbd */ = {isa = PBXFileReference; lastKnownFileType = "sourcecode.text-based-dylib-definition"; name = libz.tbd; path = /Applications/Xcode.app/Contents/Developer/Platforms/iPhoneSimulator.platform/Developer/SDKs/iPhoneSimulator16.0.sdk/usr/lib/libz.tbd; sourceTree = "<absolute>"; };
		58DB49CD9AF1BAE0F3FBBABD /* AudioToolbox.framework */ = {isa = PBXFileReference; lastKnownFileType = wrapper.framework; name = AudioToolbox.framework; path = /Applications/Xcode.app/Contents/Developer/Platforms/iPhoneSimulator.platform/Developer/SDKs/iPhoneSimulator16.0.sdk/System/Library/Frameworks/AudioToolbox.framework; sourceTree = "<absolute>"; };
		59738AB41A8BB5D8001B2C0C /* lib */ = {isa = PBXFileReference; lastKnownFileType = folder; name = lib; path = /Users/jude/Documents/Repos/CongressionalApp/dist/root/python3/lib; sourceTree = "<group>"; };
		59738ABA1A8E19AA001B2C0C /* Images.xcassets */ = {isa = PBXFileReference; lastKnownFileType = folder.assetcatalog; name = Images.xcassets; path = congressionalapp/Images.xcassets; sourceTree = "<group>"; };
		59738AD01A8E62D6001B2C0C /* Default-568h@2x.png */ = {isa = PBXFileReference; lastKnownFileType = image.png; name = "Default-568h@2x.png"; path = "LaunchImages/Default-568h@2x.png"; sourceTree = "<group>"; };
		59738AD11A8E62D6001B2C0C /* Default-667h@2x.png */ = {isa = PBXFileReference; lastKnownFileType = image.png; name = "Default-667h@2x.png"; path = "LaunchImages/Default-667h@2x.png"; sourceTree = "<group>"; };
		59738AD21A8E62D6001B2C0C /* Default-763h@3x.png */ = {isa = PBXFileReference; lastKnownFileType = image.png; name = "Default-763h@3x.png"; path = "LaunchImages/Default-763h@3x.png"; sourceTree = "<group>"; };
		59738AD31A8E62D6001B2C0C /* Default-Landscape.png */ = {isa = PBXFileReference; lastKnownFileType = image.png; name = "Default-Landscape.png"; path = "LaunchImages/Default-Landscape.png"; sourceTree = "<group>"; };
		59738AD41A8E62D6001B2C0C /* Default-Landscape@2x.png */ = {isa = PBXFileReference; lastKnownFileType = image.png; name = "Default-Landscape@2x.png"; path = "LaunchImages/Default-Landscape@2x.png"; sourceTree = "<group>"; };
		59738AD51A8E62D6001B2C0C /* Default-Portrait.png */ = {isa = PBXFileReference; lastKnownFileType = image.png; name = "Default-Portrait.png"; path = "LaunchImages/Default-Portrait.png"; sourceTree = "<group>"; };
		59738AD61A8E62D6001B2C0C /* Default-Portrait@2x~ipad.png */ = {isa = PBXFileReference; lastKnownFileType = image.png; name = "Default-Portrait@2x~ipad.png"; path = "LaunchImages/Default-Portrait@2x~ipad.png"; sourceTree = "<group>"; };
		59738AD71A8E62D6001B2C0C /* Default-Portrait@3x~ipad.png */ = {isa = PBXFileReference; lastKnownFileType = image.png; name = "Default-Portrait@3x~ipad.png"; path = "LaunchImages/Default-Portrait@3x~ipad.png"; sourceTree = "<group>"; };
		59738AD81A8E62D6001B2C0C /* Default.png */ = {isa = PBXFileReference; lastKnownFileType = image.png; name = Default.png; path = LaunchImages/Default.png; sourceTree = "<group>"; };
		59738AD91A8E62D6001B2C0C /* Default@2x.png */ = {isa = PBXFileReference; lastKnownFileType = image.png; name = "Default@2x.png"; path = "LaunchImages/Default@2x.png"; sourceTree = "<group>"; };
		59738ADA1A8E62D6001B2C0C /* Default@3x.png */ = {isa = PBXFileReference; lastKnownFileType = image.png; name = "Default@3x.png"; path = "LaunchImages/Default@3x.png"; sourceTree = "<group>"; };
		59994E3A148E85C800863906 /* YourApp */ = {isa = PBXFileReference; lastKnownFileType = folder; path = YourApp; sourceTree = "<group>"; };
		59EB4F1E9A56AC20E9D7900F /* libpython3.a */ = {isa = PBXFileReference; lastKnownFileType = archive.ar; name = libpython3.a; path = ../dist/lib/libpython3.a; sourceTree = SOURCE_ROOT; };
		59FDEA8A21E7D34E004E6ECE /* include */ = {isa = PBXFileReference; lastKnownFileType = folder; name = include; path = /Users/jude/Documents/Repos/CongressionalApp/dist/root/python3/include; sourceTree = "<group>"; };
		5AE44EF5B9101A7EE2A4514E /* libsdl2_ttf.a */ = {isa = PBXFileReference; lastKnownFileType = archive.ar; name = libsdl2_ttf.a; path = ../dist/lib/libsdl2_ttf.a; sourceTree = SOURCE_ROOT; };
		5F6048409D485AF43C83919C /* libsdl2_mixer.a */ = {isa = PBXFileReference; lastKnownFileType = archive.ar; name = libsdl2_mixer.a; path = ../dist/lib/libsdl2_mixer.a; sourceTree = SOURCE_ROOT; };
		654141438CFCAF706B4FEC37 /* CoreMedia.framework */ = {isa = PBXFileReference; lastKnownFileType = wrapper.framework; name = CoreMedia.framework; path = /Applications/Xcode.app/Contents/Developer/Platforms/iPhoneSimulator.platform/Developer/SDKs/iPhoneSimulator16.0.sdk/System/Library/Frameworks/CoreMedia.framework; sourceTree = "<absolute>"; };
		72E9433099B3CA6AC47DCC71 /* libfreetype.a */ = {isa = PBXFileReference; lastKnownFileType = archive.ar; name = libfreetype.a; path = ../dist/lib/libfreetype.a; sourceTree = SOURCE_ROOT; };
		7CE342D195270AF8C02C7ED0 /* libsdl2_image.a */ = {isa = PBXFileReference; lastKnownFileType = archive.ar; name = libsdl2_image.a; path = ../dist/lib/libsdl2_image.a; sourceTree = SOURCE_ROOT; };
		7F074A279CBA773F12D15E42 /* AVFoundation.framework */ = {isa = PBXFileReference; lastKnownFileType = wrapper.framework; name = AVFoundation.framework; path = /Applications/Xcode.app/Contents/Developer/Platforms/iPhoneSimulator.platform/Developer/SDKs/iPhoneSimulator16.0.sdk/System/Library/Frameworks/AVFoundation.framework; sourceTree = "<absolute>"; };
		8D1107310486CEB800E47090 /* congressionalapp-Info.plist */ = {isa = PBXFileReference; fileEncoding = 4; lastKnownFileType = text.plist.xml; path = "congressionalapp-Info.plist"; plistStructureDefinitionIdentifier = "com.apple.xcode.plist.structure-definition.iphone.info-plist"; sourceTree = "<group>"; };
		8D1F431BB6D04CC81CBA92DE /* libkivy.a */ = {isa = PBXFileReference; lastKnownFileType = archive.ar; name = libkivy.a; path = ../dist/lib/libkivy.a; sourceTree = SOURCE_ROOT; };
		98654389BB3F9732017A7AAD /* CoreMotion.framework */ = {isa = PBXFileReference; lastKnownFileType = wrapper.framework; name = CoreMotion.framework; path = /Applications/Xcode.app/Contents/Developer/Platforms/iPhoneSimulator.platform/Developer/SDKs/iPhoneSimulator16.0.sdk/System/Library/Frameworks/CoreMotion.framework; sourceTree = "<absolute>"; };
		9C914EC08020DA1290B2A0FB /* CoreGraphics.framework */ = {isa = PBXFileReference; lastKnownFileType = wrapper.framework; name = CoreGraphics.framework; path = /Applications/Xcode.app/Contents/Developer/Platforms/iPhoneSimulator.platform/Developer/SDKs/iPhoneSimulator16.0.sdk/System/Library/Frameworks/CoreGraphics.framework; sourceTree = "<absolute>"; };
		9F874B95A8CEDA0EA6FE4A96 /* CoreVideo.framework */ = {isa = PBXFileReference; lastKnownFileType = wrapper.framework; name = CoreVideo.framework; path = /Applications/Xcode.app/Contents/Developer/Platforms/iPhoneSimulator.platform/Developer/SDKs/iPhoneSimulator16.0.sdk/System/Library/Frameworks/CoreVideo.framework; sourceTree = "<absolute>"; };
		A39B40EB8DCFDC921310A03D /* libc++.tbd */ = {isa = PBXFileReference; lastKnownFileType = "sourcecode.text-based-dylib-definition"; name = "libc++.tbd"; path = "/Applications/Xcode.app/Contents/Developer/Platforms/iPhoneSimulator.platform/Developer/SDKs/iPhoneSimulator16.0.sdk/usr/lib/libc++.tbd"; sourceTree = "<absolute>"; };
		A3B14849B043D38C05A90D61 /* Photos.framework */ = {isa = PBXFileReference; lastKnownFileType = wrapper.framework; name = Photos.framework; path = /Applications/Xcode.app/Contents/Developer/Platforms/iPhoneSimulator.platform/Developer/SDKs/iPhoneSimulator16.0.sdk/System/Library/Frameworks/Photos.framework; sourceTree = "<absolute>"; };
		A93B47EEA76D2181D4E60755 /* MobileCoreServices.framework */ = {isa = PBXFileReference; lastKnownFileType = wrapper.framework; name = MobileCoreServices.framework; path = /Applications/Xcode.app/Contents/Developer/Platforms/iPhoneSimulator.platform/Developer/SDKs/iPhoneSimulator16.0.sdk/System/Library/Frameworks/MobileCoreServices.framework; sourceTree = "<absolute>"; };
		B1AE4FCA8D8384C62B2A889D /* libios.a */ = {isa = PBXFileReference; lastKnownFileType = archive.ar; name = libios.a; path = ../dist/lib/libios.a; sourceTree = SOURCE_ROOT; };
		B3D04D358E1D78EAB0D1CA18 /* MessageUI.framework */ = {isa = PBXFileReference; lastKnownFileType = wrapper.framework; name = MessageUI.framework; path = /Applications/Xcode.app/Contents/Developer/Platforms/iPhoneSimulator.platform/Developer/SDKs/iPhoneSimulator16.0.sdk/System/Library/Frameworks/MessageUI.framework; sourceTree = "<absolute>"; };
		B42B422090E2B68A0ED994EC /* libcrypto.a */ = {isa = PBXFileReference; lastKnownFileType = archive.ar; name = libcrypto.a; path = ../dist/lib/libcrypto.a; sourceTree = SOURCE_ROOT; };
		C62448A6BBE53BC0ACA94A1C /* OpenGLES.framework */ = {isa = PBXFileReference; lastKnownFileType = wrapper.framework; name = OpenGLES.framework; path = /Applications/Xcode.app/Contents/Developer/Platforms/iPhoneSimulator.platform/Developer/SDKs/iPhoneSimulator16.0.sdk/System/Library/Frameworks/OpenGLES.framework; sourceTree = "<absolute>"; };
		CAEA44F289847186E9296518 /* GameController.framework */ = {isa = PBXFileReference; lastKnownFileType = wrapper.framework; name = GameController.framework; path = /Applications/Xcode.app/Contents/Developer/Platforms/iPhoneSimulator.platform/Developer/SDKs/iPhoneSimulator16.0.sdk/System/Library/Frameworks/GameController.framework; sourceTree = "<absolute>"; };
		D97B4CFEA13FD84CC917893A /* UIKit.framework */ = {isa = PBXFileReference; lastKnownFileType = wrapper.framework; name = UIKit.framework; path = /Applications/Xcode.app/Contents/Developer/Platforms/iPhoneSimulator.platform/Developer/SDKs/iPhoneSimulator16.0.sdk/System/Library/Frameworks/UIKit.framework; sourceTree = "<absolute>"; };
		DAF34A88B1192F31B7D40513 /* Metal.framework */ = {isa = PBXFileReference; lastKnownFileType = wrapper.framework; name = Metal.framework; path = /Applications/Xcode.app/Contents/Developer/Platforms/iPhoneSimulator.platform/Developer/SDKs/iPhoneSimulator16.0.sdk/System/Library/Frameworks/Metal.framework; sourceTree = "<absolute>"; };
		DFFC4D75A069956E46AFE8BC /* ImageIO.framework */ = {isa = PBXFileReference; lastKnownFileType = wrapper.framework; name = ImageIO.framework; path = /Applications/Xcode.app/Contents/Developer/Platforms/iPhoneSimulator.platform/Developer/SDKs/iPhoneSimulator16.0.sdk/System/Library/Frameworks/ImageIO.framework; sourceTree = "<absolute>"; };
		F3F44AE7A0CE6EF535688810 /* QuartzCore.framework */ = {isa = PBXFileReference; lastKnownFileType = wrapper.framework; name = QuartzCore.framework; path = /Applications/Xcode.app/Contents/Developer/Platforms/iPhoneSimulator.platform/Developer/SDKs/iPhoneSimulator16.0.sdk/System/Library/Frameworks/QuartzCore.framework; sourceTree = "<absolute>"; };
/* End PBXFileReference section */

/* Begin PBXFrameworksBuildPhase section */
		1D60588F0D05DD3D006BFB54 /* Frameworks */ = {
			isa = PBXFrameworksBuildPhase;
			buildActionMask = 2147483647;
			files = (
				07F04E078169AD83ADF43FE2 /* WebKit.framework in Frameworks */,
				03A24B678BC3D020D8A2DC43 /* Metal.framework in Frameworks */,
				D3DD4258B64545356BD33AC7 /* AVFoundation.framework in Frameworks */,
				C9E34E88A6AD85011291BE31 /* AudioToolbox.framework in Frameworks */,
				66DC488AA7AE442984AB6A0C /* QuartzCore.framework in Frameworks */,
				7BA04887A58B41469FBF3A33 /* MessageUI.framework in Frameworks */,
				69F04B97A70718F39DF9018E /* GameController.framework in Frameworks */,
				079C4013970AAB656CA59EB3 /* OpenGLES.framework in Frameworks */,
				8DF54DC388051699397BC22A /* CoreMedia.framework in Frameworks */,
				E7F94A60AFCFD7F9FB676529 /* CoreMotion.framework in Frameworks */,
				967743BA9A4914A06394F054 /* MobileCoreServices.framework in Frameworks */,
				BA234037B771F865630114EF /* ImageIO.framework in Frameworks */,
				91724CD09519D81B432FA453 /* CoreGraphics.framework in Frameworks */,
				5D954F5799B4484F70CB20DF /* Photos.framework in Frameworks */,
				420A49C68F909E9BDB0B6853 /* UIKit.framework in Frameworks */,
				9AB648EE907FE954B6A6B2B2 /* CoreVideo.framework in Frameworks */,
				E78346169AA6C9B97BFAD4A1 /* Accelerate.framework in Frameworks */,
				FFEB4A898FBDD9265BBD4261 /* libc++.tbd in Frameworks */,
				BE3546418F55FC756FC4FC00 /* libsqlite3.tbd in Frameworks */,
				3ECE439D9C9A3462C84C86A0 /* libz.tbd in Frameworks */,
				F4BC4B1792C0E7AAD6221746 /* libbz2.tbd in Frameworks */,
				6A724E34A72A7A14CCA047A4 /* libffi.a in Frameworks */,
				0FD145E79EE08DFC44B6154B /* libsdl2_image.a in Frameworks */,
				CFB34421815C35D1024F1546 /* libcrypto.a in Frameworks */,
				E6674C4294774479CB23EE1F /* libsdl2_ttf.a in Frameworks */,
				02E14002B2FB94934799781C /* libkivy.a in Frameworks */,
				2BD547708B8A8BCEFA27CD24 /* libsdl2_mixer.a in Frameworks */,
				F9374DBA8300E2D53B4E5077 /* libpython3.a in Frameworks */,
				F22C4CFAB0F8DE5D7D10AA33 /* libsdl2.a in Frameworks */,
				736A415199DF1D00B43F5694 /* libios.a in Frameworks */,
				D2A14420B6E57C05B8896856 /* libssl.a in Frameworks */,
				C2144F638BA70271CDD80AC7 /* libpyobjus.a in Frameworks */,
				E85047F5ABA9668731F81317 /* libfreetype.a in Frameworks */,
			);
			runOnlyForDeploymentPostprocessing = 0;
		};
/* End PBXFrameworksBuildPhase section */

/* Begin PBXGroup section */
		080E96DDFE201D6D7F000001 /* Classes */ = {
			isa = PBXGroup;
			children = (
				2CB5F34517D5233A006187AB /* bridge.h */,
				2CB5F34617D5233A006187AB /* bridge.m */,
			);
			path = Classes;
			sourceTree = "<group>";
		};
		19C28FACFE9D520D11CA2CBB /* Products */ = {
			isa = PBXGroup;
			children = (
				1D6058910D05DD3D006BFB54 /* congressionalapp.app */,
			);
			name = Products;
			sourceTree = "<group>";
		};
		29B97314FDCFA39411CA2CEA /* CustomTemplate */ = {
			isa = PBXGroup;
			children = (
				080E96DDFE201D6D7F000001 /* Classes */,
				29B97315FDCFA39411CA2CEA /* Sources */,
				29B97317FDCFA39411CA2CEA /* Resources */,
				29B97323FDCFA39411CA2CEA /* Frameworks */,
				19C28FACFE9D520D11CA2CBB /* Products */,
			);
			name = CustomTemplate;
			sourceTree = "<group>";
		};
		29B97315FDCFA39411CA2CEA /* Sources */ = {
			isa = PBXGroup;
			children = (
				29B97316FDCFA39411CA2CEA /* main.m */,
				59994E3A148E85C800863906 /* YourApp */,
			);
			name = Sources;
			sourceTree = "<group>";
		};
		29B97317FDCFA39411CA2CEA /* Resources */ = {
			isa = PBXGroup;
			children = (
				59738ABA1A8E19AA001B2C0C /* Images.xcassets */,
				59738AB41A8BB5D8001B2C0C /* lib */,
				59FDEA8A21E7D34E004E6ECE /* include */,
				01532DA9137C099F0076F6BF /* icon.png */,
				8D1107310486CEB800E47090 /* congressionalapp-Info.plist */,
				59738AD01A8E62D6001B2C0C /* Default-568h@2x.png */,
				59738AD11A8E62D6001B2C0C /* Default-667h@2x.png */,
				59738AD21A8E62D6001B2C0C /* Default-763h@3x.png */,
				59738AD31A8E62D6001B2C0C /* Default-Landscape.png */,
				59738AD41A8E62D6001B2C0C /* Default-Landscape@2x.png */,
				59738AD51A8E62D6001B2C0C /* Default-Portrait.png */,
				59738AD61A8E62D6001B2C0C /* Default-Portrait@2x~ipad.png */,
				59738AD71A8E62D6001B2C0C /* Default-Portrait@3x~ipad.png */,
				59738AD81A8E62D6001B2C0C /* Default.png */,
				59738AD91A8E62D6001B2C0C /* Default@2x.png */,
				59738ADA1A8E62D6001B2C0C /* Default@3x.png */,
			);
			name = Resources;
			sourceTree = "<group>";
		};
		29B97323FDCFA39411CA2CEA /* Frameworks */ = {
			isa = PBXGroup;
			children = (
				198E49CCBE9AFC0288A0E81E /* WebKit.framework */,
				DAF34A88B1192F31B7D40513 /* Metal.framework */,
				7F074A279CBA773F12D15E42 /* AVFoundation.framework */,
				58DB49CD9AF1BAE0F3FBBABD /* AudioToolbox.framework */,
				F3F44AE7A0CE6EF535688810 /* QuartzCore.framework */,
				B3D04D358E1D78EAB0D1CA18 /* MessageUI.framework */,
				CAEA44F289847186E9296518 /* GameController.framework */,
				C62448A6BBE53BC0ACA94A1C /* OpenGLES.framework */,
				654141438CFCAF706B4FEC37 /* CoreMedia.framework */,
				98654389BB3F9732017A7AAD /* CoreMotion.framework */,
				A93B47EEA76D2181D4E60755 /* MobileCoreServices.framework */,
				DFFC4D75A069956E46AFE8BC /* ImageIO.framework */,
				9C914EC08020DA1290B2A0FB /* CoreGraphics.framework */,
				A3B14849B043D38C05A90D61 /* Photos.framework */,
				D97B4CFEA13FD84CC917893A /* UIKit.framework */,
				9F874B95A8CEDA0EA6FE4A96 /* CoreVideo.framework */,
				113C4966962E7B19A295076C /* Accelerate.framework */,
				A39B40EB8DCFDC921310A03D /* libc++.tbd */,
				20854628864024A1632E70CF /* libsqlite3.tbd */,
				521E4BE6A2900AE5A41D6C2E /* libz.tbd */,
				40AA48358E1FF6AB71D332DD /* libbz2.tbd */,
				1E99435980688DEC5631236C /* libffi.a */,
				7CE342D195270AF8C02C7ED0 /* libsdl2_image.a */,
				B42B422090E2B68A0ED994EC /* libcrypto.a */,
				5AE44EF5B9101A7EE2A4514E /* libsdl2_ttf.a */,
				8D1F431BB6D04CC81CBA92DE /* libkivy.a */,
				5F6048409D485AF43C83919C /* libsdl2_mixer.a */,
				59EB4F1E9A56AC20E9D7900F /* libpython3.a */,
				056E4CD593AA4D807E655B57 /* libsdl2.a */,
				B1AE4FCA8D8384C62B2A889D /* libios.a */,
				03C349FD9819AA7FC3B29B60 /* libssl.a */,
				473E4138982FE5F0745AB190 /* libpyobjus.a */,
				72E9433099B3CA6AC47DCC71 /* libfreetype.a */,
			);
			name = Frameworks;
			sourceTree = "<group>";
		};
/* End PBXGroup section */

/* Begin PBXNativeTarget section */
		1D6058900D05DD3D006BFB54 /* congressionalapp */ = {
			isa = PBXNativeTarget;
			buildConfigurationList = 1D6058960D05DD3E006BFB54 /* Build configuration list for PBXNativeTarget "congressionalapp" */;
			buildPhases = (
				113D17E2153E3DB5001310A5 /* ShellScript */,
				113D17E2153E3DB5001310A6 /* ShellScript */,
				113D17E2153E3DB5001310A7 /* ShellScript */,
				1D60588D0D05DD3D006BFB54 /* Resources */,
				1D60588E0D05DD3D006BFB54 /* Sources */,
				1D60588F0D05DD3D006BFB54 /* Frameworks */,
			);
			buildRules = (
			);
			dependencies = (
			);
			name = congressionalapp;
			productName = congressionalapp;
			productReference = 1D6058910D05DD3D006BFB54 /* congressionalapp.app */;
			productType = "com.apple.product-type.application";
		};
/* End PBXNativeTarget section */

/* Begin PBXProject section */
		29B97313FDCFA39411CA2CEA /* Project object */ = {
			isa = PBXProject;
			attributes = {
				LastUpgradeCheck = 0610;
			};
			buildConfigurationList = C01FCF4E08A954540054247B /* Build configuration list for PBXProject "congressionalapp" */;
			compatibilityVersion = "Xcode 3.2";
			developmentRegion = English;
			hasScannedForEncodings = 1;
			knownRegions = (
				English,
				Japanese,
				French,
				German,
			);
			mainGroup = 29B97314FDCFA39411CA2CEA /* CustomTemplate */;
			projectDirPath = "";
			projectRoot = "";
			targets = (
				1D6058900D05DD3D006BFB54 /* congressionalapp */,
			);
		};
/* End PBXProject section */

/* Begin PBXResourcesBuildPhase section */
		1D60588D0D05DD3D006BFB54 /* Resources */ = {
			isa = PBXResourcesBuildPhase;
			buildActionMask = 2147483647;
			files = (
				59738AE41A8E62D6001B2C0C /* Default@2x.png in Resources */,
				59738AB51A8BB5D8001B2C0C /* lib in Resources */,
				59FDEA8B21E7D34E004E6ECE /* include in Resources */,
				59738ABB1A8E19AA001B2C0C /* Images.xcassets in Resources */,
				59738ADE1A8E62D6001B2C0C /* Default-Landscape.png in Resources */,
				59738AE31A8E62D6001B2C0C /* Default.png in Resources */,
				01532DAA137C099F0076F6BF /* icon.png in Resources */,
				59994E3B148E85C800863906 /* YourApp in Resources */,
				59738AE11A8E62D6001B2C0C /* Default-Portrait@2x~ipad.png in Resources */,
				59738AE01A8E62D6001B2C0C /* Default-Portrait.png in Resources */,
				59738ADC1A8E62D6001B2C0C /* Default-667h@2x.png in Resources */,
				59738ADB1A8E62D6001B2C0C /* Default-568h@2x.png in Resources */,
				59738ADD1A8E62D6001B2C0C /* Default-763h@3x.png in Resources */,
				59738AE21A8E62D6001B2C0C /* Default-Portrait@3x~ipad.png in Resources */,
				59738AE51A8E62D6001B2C0C /* Default@3x.png in Resources */,
				59738ADF1A8E62D6001B2C0C /* Default-Landscape@2x.png in Resources */,
			);
			runOnlyForDeploymentPostprocessing = 0;
		};
/* End PBXResourcesBuildPhase section */

/* Begin PBXShellScriptBuildPhase section */
		113D17E2153E3DB5001310A5 /* ShellScript */ = {
			isa = PBXShellScriptBuildPhase;
			buildActionMask = 12;
			files = (
			);
			inputPaths = (
			);
			outputPaths = (
			);
			runOnlyForDeploymentPostprocessing = 0;
			shellPath = /bin/bash;
			shellScript = "rsync -av --delete \"/Users/jude/Documents/Repos/CongressionalApp\"/ \"$PROJECT_DIR\"/YourApp";
		};
		113D17E2153E3DB5001310A6 /* ShellScript */ = {
			isa = PBXShellScriptBuildPhase;
			buildActionMask = 12;
			files = (
			);
			inputPaths = (
			);
			outputPaths = (
			);
			runOnlyForDeploymentPostprocessing = 0;
			shellPath = /bin/bash;
			shellScript = "/Users/jude/Documents/Repos/CongressionalApp/dist/hostpython3/bin/python -m compileall -f -b \"$PROJECT_DIR\"/YourApp";
		};
		113D17E2153E3DB5001310A7 /* ShellScript */ = {
			isa = PBXShellScriptBuildPhase;
			buildActionMask = 12;
			files = (
			);
			inputPaths = (
			);
			outputPaths = (
			);
			runOnlyForDeploymentPostprocessing = 0;
			shellPath = /bin/bash;
			shellScript = "find \"$PROJECT_DIR\"/YourApp/ -regex '.*\\.py' -delete";
		};
/* End PBXShellScriptBuildPhase section */

/* Begin PBXSourcesBuildPhase section */
		1D60588E0D05DD3D006BFB54 /* Sources */ = {
			isa = PBXSourcesBuildPhase;
			buildActionMask = 2147483647;
			files = (
				1D60589B0D05DD56006BFB54 /* main.m in Sources */,
				2CB5F34717D5233A006187AB /* bridge.m in Sources */,
			);
			runOnlyForDeploymentPostprocessing = 0;
		};
/* End PBXSourcesBuildPhase section */

/* Begin XCBuildConfiguration section */
		1D6058940D05DD3E006BFB54 /* Debug */ = {
			isa = XCBuildConfiguration;
			buildSettings = {
				ALWAYS_SEARCH_USER_PATHS = NO;
				ASSETCATALOG_COMPILER_APPICON_NAME = AppIcon;
				CODE_SIGN_IDENTITY = "iPhone Developer";
				"CODE_SIGN_IDENTITY[sdk=iphoneos*]" = "iPhone Developer";
				COPY_PHASE_STRIP = NO;
				EXCLUDED_ARCHS = "";
				"EXCLUDED_ARCHS[sdk=iphonesimulator*]" = arm64;
				FRAMEWORK_SEARCH_PATHS = (
					/Users/jude/Documents/Repos/CongressionalApp/dist/frameworks,
					/Applications/Xcode.app/Contents/Developer/Platforms/iPhoneSimulator.platform/Developer/SDKs/iPhoneSimulator16.0.sdk/System/Library/Frameworks,
					"$(inherited)",
				);
				GCC_DYNAMIC_NO_PIC = NO;
				GCC_OPTIMIZATION_LEVEL = 0;
				GCC_PRECOMPILE_PREFIX_HEADER = YES;
				GCC_PREFIX_HEADER = "";
				GCC_PREPROCESSOR_DEFINITIONS = "DEBUG=1";
				GCC_VERSION = com.apple.compilers.llvm.clang.1_0;
				HEADER_SEARCH_PATHS = (
					"/Users/jude/Documents/Repos/CongressionalApp/dist/root/python3/include/python3.9/**",
					/Users/jude/Documents/Repos/CongressionalApp/dist/include/common/sdl2,
				);
				INFOPLIST_FILE = "congressionalapp-Info.plist";
				IPHONEOS_DEPLOYMENT_TARGET = 9.0;
				LIBRARY_SEARCH_PATHS = (
					"$(inherited)",
					/Users/jude/Documents/Repos/CongressionalApp/dist/lib,
					/Applications/Xcode.app/Contents/Developer/Platforms/iPhoneSimulator.platform/Developer/SDKs/iPhoneSimulator16.0.sdk/usr/lib,
					"$(SRCROOT)/../dist/lib",
				);
				ONLY_ACTIVE_ARCH = NO;
				OTHER_LDFLAGS = "-all_load";
				PRODUCT_NAME = congressionalapp;
				PROVISIONING_PROFILE = "";
				"PROVISIONING_PROFILE[sdk=iphoneos*]" = "";
				SDKROOT = iphoneos;
				STRIP_INSTALLED_PRODUCT = NO;
				TARGETED_DEVICE_FAMILY = "1,2";
				USER_HEADER_SEARCH_PATHS = "";
			};
			name = Debug;
		};
		1D6058950D05DD3E006BFB54 /* Release */ = {
			isa = XCBuildConfiguration;
			buildSettings = {
				ALWAYS_SEARCH_USER_PATHS = NO;
				ASSETCATALOG_COMPILER_APPICON_NAME = AppIcon;
				CODE_SIGN_IDENTITY = "iPhone Developer";
				"CODE_SIGN_IDENTITY[sdk=iphoneos*]" = "iPhone Developer";
				CODE_SIGN_RESOURCE_RULES_PATH = "$(SDKROOT)/ResourceRules.plist";
				COPY_PHASE_STRIP = NO;
				EXCLUDED_ARCHS = "";
				"EXCLUDED_ARCHS[sdk=iphonesimulator*]" = arm64;
				FRAMEWORK_SEARCH_PATHS = (
					/Users/jude/Documents/Repos/CongressionalApp/dist/frameworks,
					/Applications/Xcode.app/Contents/Developer/Platforms/iPhoneSimulator.platform/Developer/SDKs/iPhoneSimulator16.0.sdk/System/Library/Frameworks,
					"$(inherited)",
				);
				GCC_PRECOMPILE_PREFIX_HEADER = YES;
				GCC_PREFIX_HEADER = "";
				GCC_VERSION = com.apple.compilers.llvm.clang.1_0;
				HEADER_SEARCH_PATHS = (
					"/Users/jude/Documents/Repos/CongressionalApp/dist/root/python3/include/python3.9/**",
					/Users/jude/Documents/Repos/CongressionalApp/dist/include/common/sdl2,
				);
				INFOPLIST_FILE = "congressionalapp-Info.plist";
				IPHONEOS_DEPLOYMENT_TARGET = 9.0;
				LIBRARY_SEARCH_PATHS = (
					"$(inherited)",
					/Users/jude/Documents/Repos/CongressionalApp/dist/lib,
					/Applications/Xcode.app/Contents/Developer/Platforms/iPhoneSimulator.platform/Developer/SDKs/iPhoneSimulator16.0.sdk/usr/lib,
					"$(SRCROOT)/../dist/lib",
				);
				OTHER_LDFLAGS = "-all_load";
				PRODUCT_NAME = congressionalapp;
				PROVISIONING_PROFILE = "";
				"PROVISIONING_PROFILE[sdk=iphoneos*]" = "";
				SDKROOT = iphoneos;
				SKIP_INSTALL = NO;
				STRIP_INSTALLED_PRODUCT = NO;
				TARGETED_DEVICE_FAMILY = "1,2";
				USER_HEADER_SEARCH_PATHS = "";
				VALIDATE_PRODUCT = YES;
			};
			name = Release;
		};
		C01FCF4F08A954540054247B /* Debug */ = {
			isa = XCBuildConfiguration;
			buildSettings = {
				ARCHS = "$(ARCHS_STANDARD_64_BIT)";
				DEAD_CODE_STRIPPING = NO;
				ENABLE_BITCODE = NO;
				USER_HEADER_SEARCH_PATHS = /Users/jude/Documents/Repos/CongressionalApp/dist/root/include/;
			};
			name = Debug;
		};
		C01FCF5008A954540054247B /* Release */ = {
			isa = XCBuildConfiguration;
			buildSettings = {
				ARCHS = "$(ARCHS_STANDARD_64_BIT)";
				DEAD_CODE_STRIPPING = NO;
				ENABLE_BITCODE = NO;
				OTHER_CFLAGS = "-DNS_BLOCK_ASSERTIONS=1";
				USER_HEADER_SEARCH_PATHS = /Users/jude/Documents/Repos/CongressionalApp/dist/root/include/;
			};
			name = Release;
		};
/* End XCBuildConfiguration section */

/* Begin XCConfigurationList section */
		1D6058960D05DD3E006BFB54 /* Build configuration list for PBXNativeTarget "congressionalapp" */ = {
			isa = XCConfigurationList;
			buildConfigurations = (
				1D6058940D05DD3E006BFB54 /* Debug */,
				1D6058950D05DD3E006BFB54 /* Release */,
			);
			defaultConfigurationIsVisible = 0;
			defaultConfigurationName = Release;
		};
		C01FCF4E08A954540054247B /* Build configuration list for PBXProject "congressionalapp" */ = {
			isa = XCConfigurationList;
			buildConfigurations = (
				C01FCF4F08A954540054247B /* Debug */,
				C01FCF5008A954540054247B /* Release */,
			);
			defaultConfigurationIsVisible = 0;
			defaultConfigurationName = Release;
		};
/* End XCConfigurationList section */
	};
	rootObject = 29B97313FDCFA39411CA2CEA /* Project object */;
}
